
Microsoft Visual Studio Solution File, Format Version 12.00
# Visual Studio Version 16
VisualStudioVersion = 16.0.29709.97
MinimumVisualStudioVersion = 10.0.40219.1
Project("{2150E333-8FDC-42A3-9474-1A3956D46DE8}") = "1 - Creational", "1 - Creational", "{7E098820-4E86-47FC-8E69-A10441A43A1A}"
EndProject
Project("{2150E333-8FDC-42A3-9474-1A3956D46DE8}") = "2 - Structural", "2 - Structural", "{72833ADB-2D29-462C-A598-57E4DE9291A6}"
EndProject
Project("{2150E333-8FDC-42A3-9474-1A3956D46DE8}") = "3 - Behavioral", "3 - Behavioral", "{CC4F5419-4E14-4F82-902F-DD1E877239B8}"
EndProject
Project("{2150E333-8FDC-42A3-9474-1A3956D46DE8}") = "Singleton", "Singleton", "{4C637A12-9186-4AF9-B776-1725E2F548DB}"
EndProject
Project("{2150E333-8FDC-42A3-9474-1A3956D46DE8}") = "Factory", "Factory", "{EB67C75B-67B7-4113-BC8A-D740536880D8}"
EndProject
Project("{2150E333-8FDC-42A3-9474-1A3956D46DE8}") = "Adapter", "Adapter", "{00215CB7-FC22-40D3-9BFE-E1EE5BF7419E}"
EndProject
Project("{2150E333-8FDC-42A3-9474-1A3956D46DE8}") = "Facede", "Facede", "{BA419D7C-7FC3-4071-8475-861A0DA9494A}"
EndProject
Project("{2150E333-8FDC-42A3-9474-1A3956D46DE8}") = "Command", "Command", "{0F886062-38BD-48AA-9AF9-C7A161CB7C9C}"
EndProject
Project("{2150E333-8FDC-42A3-9474-1A3956D46DE8}") = "Observer", "Observer", "{8FA868A5-57D1-4A1C-BBC8-DFB5970EB288}"
EndProject
Project("{2150E333-8FDC-42A3-9474-1A3956D46DE8}") = "Strategy", "Strategy", "{905A0C70-1666-47AF-BA27-074AF7B70E40}"
EndProject
Project("{9A19103F-16F7-4668-BE54-9A1E7A4F7556}") = "InvoiceAdapter", "src\InvoiceAdapter\InvoiceAdapter.csproj", "{1C1F403B-C83A-4C17-8E4B-596F7D51B8E8}"
EndProject
Project("{9A19103F-16F7-4668-BE54-9A1E7A4F7556}") = "MortageFacade", "src\MortageFacade\MortageFacade.csproj", "{77ACD018-20CD-44F0-A4B4-BCF1A7CB27F5}"
EndProject
Project("{9A19103F-16F7-4668-BE54-9A1E7A4F7556}") = "CommandSolution", "src\CommandSolution\CommandSolution.csproj", "{3915911A-E08E-4DC4-94AD-EAB6A5012810}"
EndProject
Project("{9A19103F-16F7-4668-BE54-9A1E7A4F7556}") = "ObserverSolution", "src\ObserverSolution\ObserverSolution.csproj", "{84B24A26-CFAB-403B-BA25-CF20FD9857CB}"
EndProject
Project("{9A19103F-16F7-4668-BE54-9A1E7A4F7556}") = "StrategySolution", "src\StrategySolution\StrategySolution.csproj", "{55118E60-0CE2-49B9-A4F4-45073192E5F5}"
EndProject
Project("{9A19103F-16F7-4668-BE54-9A1E7A4F7556}") = "SingletonSolution", "src\SingletonSolution\SingletonSolution.csproj", "{2BA99C83-E5F7-4EDA-B37D-F18A8D3713B2}"
EndProject
Project("{2150E333-8FDC-42A3-9474-1A3956D46DE8}") = "FactoryMethod", "FactoryMethod", "{A1AC9A05-3F4B-41C3-99B7-3789D32DF8E8}"
EndProject
Project("{9A19103F-16F7-4668-BE54-9A1E7A4F7556}") = "FactoryMethodSolution", "src\FactoryMethodSolution\FactoryMethodSolution.csproj", "{73911CC0-9E83-4B79-9834-DAA897D58FC0}"
EndProject
Project("{2150E333-8FDC-42A3-9474-1A3956D46DE8}") = "AbstractFactory", "AbstractFactory", "{12A5C5C5-D92F-44E2-885C-4E154B110DE3}"
EndProject
Project("{9A19103F-16F7-4668-BE54-9A1E7A4F7556}") = "AbstractFactorySolution", "src\AbstractFactorySolution\AbstractFactorySolution.csproj", "{B9CF39A5-9BCE-47F0-A453-A2806649E3FA}"
EndProject
Project("{9A19103F-16F7-4668-BE54-9A1E7A4F7556}") = "StrategySolution2", "src\StrategySolution2\StrategySolution2.csproj", "{2E4C1604-1C30-4667-AEFF-9B74E13ADA74}"
EndProject
Project("{FAE04EC0-301F-11D3-BF4B-00C04F79EFBC}") = "CommandSolution2", "src\CommandSolution2\CommandSolution2.csproj", "{3D7B49CA-3414-4B48-AC14-FAF610DB6123}"
EndProject
Project("{2150E333-8FDC-42A3-9474-1A3956D46DE8}") = "Decorator", "Decorator", "{E1B877E0-0F05-4FFC-874B-C12C330CB28D}"
EndProject
Project("{FAE04EC0-301F-11D3-BF4B-00C04F79EFBC}") = "DecoratorSolution", "src\DecoratorSolution\DecoratorSolution.csproj", "{2893E453-9FA1-4A8D-A56E-8225E1E33FAE}"
EndProject
Global
	GlobalSection(SolutionConfigurationPlatforms) = preSolution
		Debug|Any CPU = Debug|Any CPU
		Release|Any CPU = Release|Any CPU
	EndGlobalSection
	GlobalSection(ProjectConfigurationPlatforms) = postSolution
		{1C1F403B-C83A-4C17-8E4B-596F7D51B8E8}.Debug|Any CPU.ActiveCfg = Debug|Any CPU
		{1C1F403B-C83A-4C17-8E4B-596F7D51B8E8}.Debug|Any CPU.Build.0 = Debug|Any CPU
		{1C1F403B-C83A-4C17-8E4B-596F7D51B8E8}.Release|Any CPU.ActiveCfg = Release|Any CPU
		{1C1F403B-C83A-4C17-8E4B-596F7D51B8E8}.Release|Any CPU.Build.0 = Release|Any CPU
		{77ACD018-20CD-44F0-A4B4-BCF1A7CB27F5}.Debug|Any CPU.ActiveCfg = Debug|Any CPU
		{77ACD018-20CD-44F0-A4B4-BCF1A7CB27F5}.Debug|Any CPU.Build.0 = Debug|Any CPU
		{77ACD018-20CD-44F0-A4B4-BCF1A7CB27F5}.Release|Any CPU.ActiveCfg = Release|Any CPU
		{77ACD018-20CD-44F0-A4B4-BCF1A7CB27F5}.Release|Any CPU.Build.0 = Release|Any CPU
		{3915911A-E08E-4DC4-94AD-EAB6A5012810}.Debug|Any CPU.ActiveCfg = Debug|Any CPU
		{3915911A-E08E-4DC4-94AD-EAB6A5012810}.Debug|Any CPU.Build.0 = Debug|Any CPU
		{3915911A-E08E-4DC4-94AD-EAB6A5012810}.Release|Any CPU.ActiveCfg = Release|Any CPU
		{3915911A-E08E-4DC4-94AD-EAB6A5012810}.Release|Any CPU.Build.0 = Release|Any CPU
		{84B24A26-CFAB-403B-BA25-CF20FD9857CB}.Debug|Any CPU.ActiveCfg = Debug|Any CPU
		{84B24A26-CFAB-403B-BA25-CF20FD9857CB}.Debug|Any CPU.Build.0 = Debug|Any CPU
		{84B24A26-CFAB-403B-BA25-CF20FD9857CB}.Release|Any CPU.ActiveCfg = Release|Any CPU
		{84B24A26-CFAB-403B-BA25-CF20FD9857CB}.Release|Any CPU.Build.0 = Release|Any CPU
		{55118E60-0CE2-49B9-A4F4-45073192E5F5}.Debug|Any CPU.ActiveCfg = Debug|Any CPU
		{55118E60-0CE2-49B9-A4F4-45073192E5F5}.Debug|Any CPU.Build.0 = Debug|Any CPU
		{55118E60-0CE2-49B9-A4F4-45073192E5F5}.Release|Any CPU.ActiveCfg = Release|Any CPU
		{55118E60-0CE2-49B9-A4F4-45073192E5F5}.Release|Any CPU.Build.0 = Release|Any CPU
		{2BA99C83-E5F7-4EDA-B37D-F18A8D3713B2}.Debug|Any CPU.ActiveCfg = Debug|Any CPU
		{2BA99C83-E5F7-4EDA-B37D-F18A8D3713B2}.Debug|Any CPU.Build.0 = Debug|Any CPU
		{2BA99C83-E5F7-4EDA-B37D-F18A8D3713B2}.Release|Any CPU.ActiveCfg = Release|Any CPU
		{2BA99C83-E5F7-4EDA-B37D-F18A8D3713B2}.Release|Any CPU.Build.0 = Release|Any CPU
		{73911CC0-9E83-4B79-9834-DAA897D58FC0}.Debug|Any CPU.ActiveCfg = Debug|Any CPU
		{73911CC0-9E83-4B79-9834-DAA897D58FC0}.Debug|Any CPU.Build.0 = Debug|Any CPU
		{73911CC0-9E83-4B79-9834-DAA897D58FC0}.Release|Any CPU.ActiveCfg = Release|Any CPU
		{73911CC0-9E83-4B79-9834-DAA897D58FC0}.Release|Any CPU.Build.0 = Release|Any CPU
		{B9CF39A5-9BCE-47F0-A453-A2806649E3FA}.Debug|Any CPU.ActiveCfg = Debug|Any CPU
		{B9CF39A5-9BCE-47F0-A453-A2806649E3FA}.Debug|Any CPU.Build.0 = Debug|Any CPU
		{B9CF39A5-9BCE-47F0-A453-A2806649E3FA}.Release|Any CPU.ActiveCfg = Release|Any CPU
		{B9CF39A5-9BCE-47F0-A453-A2806649E3FA}.Release|Any CPU.Build.0 = Release|Any CPU
		{2E4C1604-1C30-4667-AEFF-9B74E13ADA74}.Debug|Any CPU.ActiveCfg = Debug|Any CPU
		{2E4C1604-1C30-4667-AEFF-9B74E13ADA74}.Debug|Any CPU.Build.0 = Debug|Any CPU
		{2E4C1604-1C30-4667-AEFF-9B74E13ADA74}.Release|Any CPU.ActiveCfg = Release|Any CPU
		{2E4C1604-1C30-4667-AEFF-9B74E13ADA74}.Release|Any CPU.Build.0 = Release|Any CPU
		{3D7B49CA-3414-4B48-AC14-FAF610DB6123}.Debug|Any CPU.ActiveCfg = Debug|Any CPU
		{3D7B49CA-3414-4B48-AC14-FAF610DB6123}.Debug|Any CPU.Build.0 = Debug|Any CPU
		{3D7B49CA-3414-4B48-AC14-FAF610DB6123}.Release|Any CPU.ActiveCfg = Release|Any CPU
		{3D7B49CA-3414-4B48-AC14-FAF610DB6123}.Release|Any CPU.Build.0 = Release|Any CPU
		{2893E453-9FA1-4A8D-A56E-8225E1E33FAE}.Debug|Any CPU.ActiveCfg = Debug|Any CPU
		{2893E453-9FA1-4A8D-A56E-8225E1E33FAE}.Debug|Any CPU.Build.0 = Debug|Any CPU
		{2893E453-9FA1-4A8D-A56E-8225E1E33FAE}.Release|Any CPU.ActiveCfg = Release|Any CPU
		{2893E453-9FA1-4A8D-A56E-8225E1E33FAE}.Release|Any CPU.Build.0 = Release|Any CPU
	EndGlobalSection
	GlobalSection(SolutionProperties) = preSolution
		HideSolutionNode = FALSE
	EndGlobalSection
	GlobalSection(NestedProjects) = preSolution
		{4C637A12-9186-4AF9-B776-1725E2F548DB} = {7E098820-4E86-47FC-8E69-A10441A43A1A}
		{EB67C75B-67B7-4113-BC8A-D740536880D8} = {7E098820-4E86-47FC-8E69-A10441A43A1A}
		{00215CB7-FC22-40D3-9BFE-E1EE5BF7419E} = {72833ADB-2D29-462C-A598-57E4DE9291A6}
		{BA419D7C-7FC3-4071-8475-861A0DA9494A} = {72833ADB-2D29-462C-A598-57E4DE9291A6}
		{0F886062-38BD-48AA-9AF9-C7A161CB7C9C} = {CC4F5419-4E14-4F82-902F-DD1E877239B8}
		{8FA868A5-57D1-4A1C-BBC8-DFB5970EB288} = {CC4F5419-4E14-4F82-902F-DD1E877239B8}
		{905A0C70-1666-47AF-BA27-074AF7B70E40} = {CC4F5419-4E14-4F82-902F-DD1E877239B8}
		{1C1F403B-C83A-4C17-8E4B-596F7D51B8E8} = {00215CB7-FC22-40D3-9BFE-E1EE5BF7419E}
		{77ACD018-20CD-44F0-A4B4-BCF1A7CB27F5} = {BA419D7C-7FC3-4071-8475-861A0DA9494A}
		{3915911A-E08E-4DC4-94AD-EAB6A5012810} = {0F886062-38BD-48AA-9AF9-C7A161CB7C9C}
		{84B24A26-CFAB-403B-BA25-CF20FD9857CB} = {8FA868A5-57D1-4A1C-BBC8-DFB5970EB288}
		{55118E60-0CE2-49B9-A4F4-45073192E5F5} = {905A0C70-1666-47AF-BA27-074AF7B70E40}
		{2BA99C83-E5F7-4EDA-B37D-F18A8D3713B2} = {4C637A12-9186-4AF9-B776-1725E2F548DB}
		{A1AC9A05-3F4B-41C3-99B7-3789D32DF8E8} = {EB67C75B-67B7-4113-BC8A-D740536880D8}
		{73911CC0-9E83-4B79-9834-DAA897D58FC0} = {A1AC9A05-3F4B-41C3-99B7-3789D32DF8E8}
		{12A5C5C5-D92F-44E2-885C-4E154B110DE3} = {EB67C75B-67B7-4113-BC8A-D740536880D8}
		{B9CF39A5-9BCE-47F0-A453-A2806649E3FA} = {12A5C5C5-D92F-44E2-885C-4E154B110DE3}
		{2E4C1604-1C30-4667-AEFF-9B74E13ADA74} = {905A0C70-1666-47AF-BA27-074AF7B70E40}
		{3D7B49CA-3414-4B48-AC14-FAF610DB6123} = {0F886062-38BD-48AA-9AF9-C7A161CB7C9C}
		{E1B877E0-0F05-4FFC-874B-C12C330CB28D} = {72833ADB-2D29-462C-A598-57E4DE9291A6}
		{2893E453-9FA1-4A8D-A56E-8225E1E33FAE} = {E1B877E0-0F05-4FFC-874B-C12C330CB28D}
	EndGlobalSection
	GlobalSection(ExtensibilityGlobals) = postSolution
		SolutionGuid = {0E0F851E-AB4A-4B23-8676-D6CF3BFABFBD}
	EndGlobalSection
EndGlobal
